// !$*UTF8*$!
{
	archiveVersion = 1;
	classes = {
	};
	objectVersion = 56;
	objects = {

/* Begin PBXBuildFile section */
		D4C0DE000000000000000001 /* PlayerAppApp.swift in Sources */ = {isa = PBXBuildFile; fileRef = D4C0DE000000000000000101 /* PlayerAppApp.swift */; };
		D4C0DE000000000000000002 /* RootView.swift in Sources */ = {isa = PBXBuildFile; fileRef = D4C0DE000000000000000102 /* RootView.swift */; };
		D4C0DE000000000000000003 /* DependencyContainer.swift in Sources */ = {isa = PBXBuildFile; fileRef = D4C0DE000000000000000103 /* DependencyContainer.swift */; };
		D4C0DE000000000000000004 /* PlaybackControlling.swift in Sources */ = {isa = PBXBuildFile; fileRef = D4C0DE000000000000000104 /* PlaybackControlling.swift */; };
		D4C0DE000000000000000005 /* LibraryScanning.swift in Sources */ = {isa = PBXBuildFile; fileRef = D4C0DE000000000000000105 /* LibraryScanning.swift */; };
		D4C0DE000000000000000006 /* TrackRepository.swift in Sources */ = {isa = PBXBuildFile; fileRef = D4C0DE000000000000000106 /* TrackRepository.swift */; };
		D4C0DE000000000000000007 /* SearchRepository.swift in Sources */ = {isa = PBXBuildFile; fileRef = D4C0DE000000000000000107 /* SearchRepository.swift */; };
		D4C0DE000000000000000008 /* DSPModule.swift in Sources */ = {isa = PBXBuildFile; fileRef = D4C0DE000000000000000108 /* DSPModule.swift */; };
		D4C0DE000000000000000009 /* SharedModule.swift in Sources */ = {isa = PBXBuildFile; fileRef = D4C0DE000000000000000109 /* SharedModule.swift */; };
		D4C0DE00000000000000000A /* LibraryFeature.swift in Sources */ = {isa = PBXBuildFile; fileRef = D4C0DE00000000000000010A /* LibraryFeature.swift */; };
		D4C0DE00000000000000000B /* NowPlayingFeature.swift in Sources */ = {isa = PBXBuildFile; fileRef = D4C0DE00000000000000010B /* NowPlayingFeature.swift */; };
		D4C0DE00000000000000000C /* SourcesFeature.swift in Sources */ = {isa = PBXBuildFile; fileRef = D4C0DE00000000000000010C /* SourcesFeature.swift */; };
		D4C0DE00000000000000000D /* BootstrapTests.swift in Sources */ = {isa = PBXBuildFile; fileRef = D4C0DE00000000000000010D /* BootstrapTests.swift */; };
		D4C0DE00000000000000000E /* GRDB in Frameworks */ = {isa = PBXBuildFile; productRef = D4C0DE000000000000000702 /* GRDB */; };
		D4C0DE00000000000000000F /* DatabaseTests.swift in Sources */ = {isa = PBXBuildFile; fileRef = D4C0DE000000000000000112 /* DatabaseTests.swift */; };
		D4C0DE000000000000000010 /* PlayerDatabase.swift in Sources */ = {isa = PBXBuildFile; fileRef = D4C0DE000000000000000113 /* PlayerDatabase.swift */; };
		D4C0DE000000000000000011 /* DatabaseMigrations.swift in Sources */ = {isa = PBXBuildFile; fileRef = D4C0DE000000000000000114 /* DatabaseMigrations.swift */; };
		D4C0DE000000000000000012 /* SourceRootRecord.swift in Sources */ = {isa = PBXBuildFile; fileRef = D4C0DE000000000000000115 /* SourceRootRecord.swift */; };
		D4C0DE000000000000000013 /* ArtworkRecord.swift in Sources */ = {isa = PBXBuildFile; fileRef = D4C0DE000000000000000116 /* ArtworkRecord.swift */; };
		D4C0DE000000000000000014 /* TrackRecord.swift in Sources */ = {isa = PBXBuildFile; fileRef = D4C0DE000000000000000117 /* TrackRecord.swift */; };
		D4C0DE000000000000000015 /* TrackSearchResult.swift in Sources */ = {isa = PBXBuildFile; fileRef = D4C0DE000000000000000118 /* TrackSearchResult.swift */; };
		D4C0DE000000000000000016 /* GRDBTrackRepository.swift in Sources */ = {isa = PBXBuildFile; fileRef = D4C0DE000000000000000119 /* GRDBTrackRepository.swift */; };
		D4C0DE000000000000000017 /* GRDB in Frameworks */ = {isa = PBXBuildFile; productRef = D4C0DE000000000000000702 /* GRDB */; };
		D4C0DE000000000000000020 /* LibraryScannerTests.swift in Sources */ = {isa = PBXBuildFile; fileRef = D4C0DE000000000000000122 /* LibraryScannerTests.swift */; };
		D4C0DE000000000000000021 /* AudioFileExtensionFilter.swift in Sources */ = {isa = PBXBuildFile; fileRef = D4C0DE000000000000000123 /* AudioFileExtensionFilter.swift */; };
		D4C0DE000000000000000022 /* ScannedAudioFile.swift in Sources */ = {isa = PBXBuildFile; fileRef = D4C0DE000000000000000124 /* ScannedAudioFile.swift */; };
		D4C0DE000000000000000023 /* LibraryScanner.swift in Sources */ = {isa = PBXBuildFile; fileRef = D4C0DE000000000000000125 /* LibraryScanner.swift */; };
		D4C0DE000000000000000024 /* SourceRootAccess.swift in Sources */ = {isa = PBXBuildFile; fileRef = D4C0DE000000000000000126 /* SourceRootAccess.swift */; };
		D4C0DE000000000000000025 /* SourceRootRepository.swift in Sources */ = {isa = PBXBuildFile; fileRef = D4C0DE000000000000000127 /* SourceRootRepository.swift */; };
		D4C0DE000000000000000026 /* FolderPicker.swift in Sources */ = {isa = PBXBuildFile; fileRef = D4C0DE000000000000000128 /* FolderPicker.swift */; };
		D4C0DE000000000000000027 /* SourcesViewModel.swift in Sources */ = {isa = PBXBuildFile; fileRef = D4C0DE000000000000000129 /* SourcesViewModel.swift */; };
		D4C0DE000000000000000028 /* SourcesView.swift in Sources */ = {isa = PBXBuildFile; fileRef = D4C0DE00000000000000012A /* SourcesView.swift */; };
		D4C0DE000000000000000030 /* MetadataReaderTests.swift in Sources */ = {isa = PBXBuildFile; fileRef = D4C0DE000000000000000130 /* MetadataReaderTests.swift */; };
		D4C0DE000000000000000031 /* MetadataReading.swift in Sources */ = {isa = PBXBuildFile; fileRef = D4C0DE000000000000000131 /* MetadataReading.swift */; };
		D4C0DE000000000000000032 /* AudioFileMetadata.swift in Sources */ = {isa = PBXBuildFile; fileRef = D4C0DE000000000000000132 /* AudioFileMetadata.swift */; };
		D4C0DE000000000000000033 /* AudioMetadataTagNormalizer.swift in Sources */ = {isa = PBXBuildFile; fileRef = D4C0DE000000000000000133 /* AudioMetadataTagNormalizer.swift */; };
		D4C0DE000000000000000034 /* AVFoundationMetadataReader.swift in Sources */ = {isa = PBXBuildFile; fileRef = D4C0DE000000000000000134 /* AVFoundationMetadataReader.swift */; };
		D4C0DE000000000000000035 /* SFBAudioMetadataReader.swift in Sources */ = {isa = PBXBuildFile; fileRef = D4C0DE000000000000000135 /* SFBAudioMetadataReader.swift */; };
		D4C0DE000000000000000036 /* SFBAudioIntegrationTests.swift in Sources */ = {isa = PBXBuildFile; fileRef = D4C0DE000000000000000136 /* SFBAudioIntegrationTests.swift */; };
		D4C0DE000000000000000037 /* AudioSessionController.swift in Sources */ = {isa = PBXBuildFile; fileRef = D4C0DE000000000000000137 /* AudioSessionController.swift */; };
		D4C0DE000000000000000038 /* PlaybackEngine.swift in Sources */ = {isa = PBXBuildFile; fileRef = D4C0DE000000000000000138 /* PlaybackEngine.swift */; };
		D4C0DE000000000000000039 /* SFBAudioPlaybackBackend.swift in Sources */ = {isa = PBXBuildFile; fileRef = D4C0DE000000000000000139 /* SFBAudioPlaybackBackend.swift */; };
		D4C0DE00000000000000003A /* SFBAudioEngine in Frameworks */ = {isa = PBXBuildFile; productRef = D4C0DE000000000000000704 /* SFBAudioEngine */; };
		D4C0DE00000000000000003B /* SFBAudioEngine in Frameworks */ = {isa = PBXBuildFile; productRef = D4C0DE000000000000000704 /* SFBAudioEngine */; };
		D4C0DE00000000000000003C /* PlaybackSystemTests.swift in Sources */ = {isa = PBXBuildFile; fileRef = D4C0DE00000000000000013A /* PlaybackSystemTests.swift */; };
		D4C0DE00000000000000003D /* NowPlayingController.swift in Sources */ = {isa = PBXBuildFile; fileRef = D4C0DE00000000000000013B /* NowPlayingController.swift */; };
		D4C0DE00000000000000003E /* RemoteCommandController.swift in Sources */ = {isa = PBXBuildFile; fileRef = D4C0DE00000000000000013C /* RemoteCommandController.swift */; };
		D4C0DE00000000000000003F /* AudioSessionEventObserver.swift in Sources */ = {isa = PBXBuildFile; fileRef = D4C0DE00000000000000013D /* AudioSessionEventObserver.swift */; };
		D4C0DE000000000000000040 /* AudioRouteDiagnostics.swift in Sources */ = {isa = PBXBuildFile; fileRef = D4C0DE00000000000000013E /* AudioRouteDiagnostics.swift */; };
		D4C0DE000000000000000041 /* PlaybackCommandAdapters.swift in Sources */ = {isa = PBXBuildFile; fileRef = D4C0DE00000000000000013F /* PlaybackCommandAdapters.swift */; };
		D4C0DE000000000000000042 /* EqualizerTests.swift in Sources */ = {isa = PBXBuildFile; fileRef = D4C0DE000000000000000140 /* EqualizerTests.swift */; };
		D4C0DE000000000000000043 /* PEQBand.swift in Sources */ = {isa = PBXBuildFile; fileRef = D4C0DE000000000000000141 /* PEQBand.swift */; };
		D4C0DE000000000000000044 /* EQPreset.swift in Sources */ = {isa = PBXBuildFile; fileRef = D4C0DE000000000000000142 /* EQPreset.swift */; };
		D4C0DE000000000000000045 /* EqualizerState.swift in Sources */ = {isa = PBXBuildFile; fileRef = D4C0DE000000000000000143 /* EqualizerState.swift */; };
		D4C0DE000000000000000046 /* EQBandwidthConverter.swift in Sources */ = {isa = PBXBuildFile; fileRef = D4C0DE000000000000000144 /* EQBandwidthConverter.swift */; };
		D4C0DE000000000000000047 /* EqualizerNodeController.swift in Sources */ = {isa = PBXBuildFile; fileRef = D4C0DE000000000000000145 /* EqualizerNodeController.swift */; };
		D4C0DE000000000000000048 /* EqualizerViewModel.swift in Sources */ = {isa = PBXBuildFile; fileRef = D4C0DE000000000000000146 /* EqualizerViewModel.swift */; };
		D4C0DE000000000000000049 /* EqualizerView.swift in Sources */ = {isa = PBXBuildFile; fileRef = D4C0DE000000000000000147 /* EqualizerView.swift */; };
		D4C0DE000000000000000050 /* AutoEqImporterTests.swift in Sources */ = {isa = PBXBuildFile; fileRef = D4C0DE000000000000000148 /* AutoEqImporterTests.swift */; };
		D4C0DE000000000000000051 /* AutoEqImporter.swift in Sources */ = {isa = PBXBuildFile; fileRef = D4C0DE000000000000000149 /* AutoEqImporter.swift */; };
		D4C0DE000000000000000052 /* HeadphonePresetRepository.swift in Sources */ = {isa = PBXBuildFile; fileRef = D4C0DE000000000000000150 /* HeadphonePresetRepository.swift */; };
		D4C0DE000000000000000053 /* HeadphonePresetSearchViewModel.swift in Sources */ = {isa = PBXBuildFile; fileRef = D4C0DE000000000000000151 /* HeadphonePresetSearchViewModel.swift */; };
		D4C0DE000000000000000054 /* CustomDSPTests.swift in Sources */ = {isa = PBXBuildFile; fileRef = D4C0DE000000000000000152 /* CustomDSPTests.swift */; };
		D4C0DE000000000000000055 /* BiquadCoefficients.swift in Sources */ = {isa = PBXBuildFile; fileRef = D4C0DE000000000000000153 /* BiquadCoefficients.swift */; };
		D4C0DE000000000000000056 /* BiquadFilter.swift in Sources */ = {isa = PBXBuildFile; fileRef = D4C0DE000000000000000154 /* BiquadFilter.swift */; };
		D4C0DE000000000000000057 /* CustomBiquadDSPPrototype.swift in Sources */ = {isa = PBXBuildFile; fileRef = D4C0DE000000000000000155 /* CustomBiquadDSPPrototype.swift */; };
		D4C0DE000000000000000058 /* GaplessQueueTests.swift in Sources */ = {isa = PBXBuildFile; fileRef = D4C0DE000000000000000156 /* GaplessQueueTests.swift */; };
		D4C0DE000000000000000059 /* PlaybackQueue.swift in Sources */ = {isa = PBXBuildFile; fileRef = D4C0DE000000000000000157 /* PlaybackQueue.swift */; };
		D4C0DE00000000000000005A /* QueueDecoderPreparing.swift in Sources */ = {isa = PBXBuildFile; fileRef = D4C0DE000000000000000158 /* QueueDecoderPreparing.swift */; };
		D4C0DE00000000000000005B /* GaplessPlaybackCoordinator.swift in Sources */ = {isa = PBXBuildFile; fileRef = D4C0DE000000000000000159 /* GaplessPlaybackCoordinator.swift */; };
		D4C0DE00000000000000005C /* MusicLibraryImporterTests.swift in Sources */ = {isa = PBXBuildFile; fileRef = D4C0DE00000000000000015A /* MusicLibraryImporterTests.swift */; };
		D4C0DE00000000000000005D /* MusicLibraryImporter.swift in Sources */ = {isa = PBXBuildFile; fileRef = D4C0DE00000000000000015B /* MusicLibraryImporter.swift */; };
		D4C0DE00000000000000005E /* MediaPlayerMusicLibraryClient.swift in Sources */ = {isa = PBXBuildFile; fileRef = D4C0DE00000000000000015C /* MediaPlayerMusicLibraryClient.swift */; };
		D4C0DE00000000000000005F /* OutputRouteTests.swift in Sources */ = {isa = PBXBuildFile; fileRef = D4C0DE00000000000000015D /* OutputRouteTests.swift */; };
		D4C0DE000000000000000060 /* AirPlayRoutePickerView.swift in Sources */ = {isa = PBXBuildFile; fileRef = D4C0DE00000000000000015E /* AirPlayRoutePickerView.swift */; };
		D4C0DE000000000000000061 /* OutputRouteViewModel.swift in Sources */ = {isa = PBXBuildFile; fileRef = D4C0DE00000000000000015F /* OutputRouteViewModel.swift */; };
		D4C0DE000000000000000062 /* OutputRouteView.swift in Sources */ = {isa = PBXBuildFile; fileRef = D4C0DE000000000000000160 /* OutputRouteView.swift */; };
		D4C0DE000000000000000063 /* SpotlightIndexerTests.swift in Sources */ = {isa = PBXBuildFile; fileRef = D4C0DE000000000000000161 /* SpotlightIndexerTests.swift */; };
		D4C0DE000000000000000064 /* LibrarySpotlightIndexer.swift in Sources */ = {isa = PBXBuildFile; fileRef = D4C0DE000000000000000162 /* LibrarySpotlightIndexer.swift */; };
		D4C0DE000000000000000065 /* ReplayGainTests.swift in Sources */ = {isa = PBXBuildFile; fileRef = D4C0DE000000000000000163 /* ReplayGainTests.swift */; };
		D4C0DE000000000000000066 /* ReplayGain.swift in Sources */ = {isa = PBXBuildFile; fileRef = D4C0DE000000000000000164 /* ReplayGain.swift */; };
		D4C0DE000000000000000067 /* LibraryScanImportTests.swift in Sources */ = {isa = PBXBuildFile; fileRef = D4C0DE000000000000000165 /* LibraryScanImportTests.swift */; };
		D4C0DE000000000000000068 /* LibraryScanImporter.swift in Sources */ = {isa = PBXBuildFile; fileRef = D4C0DE000000000000000166 /* LibraryScanImporter.swift */; };
/* End PBXBuildFile section */

/* Begin PBXContainerItemProxy section */
		D4C0DE000000000000000901 /* PBXContainerItemProxy */ = {
			isa = PBXContainerItemProxy;
			containerPortal = D4C0DE000000000000000801 /* Project object */;
			proxyType = 1;
			remoteGlobalIDString = D4C0DE000000000000000401;
			remoteInfo = PlayerApp;
		};
/* End PBXContainerItemProxy section */

/* Begin PBXFileReference section */
		D4C0DE000000000000000101 /* PlayerAppApp.swift */ = {isa = PBXFileReference; lastKnownFileType = sourcecode.swift; path = PlayerAppApp.swift; sourceTree = "<group>"; };
		D4C0DE000000000000000102 /* RootView.swift */ = {isa = PBXFileReference; lastKnownFileType = sourcecode.swift; path = RootView.swift; sourceTree = "<group>"; };
		D4C0DE000000000000000103 /* DependencyContainer.swift */ = {isa = PBXFileReference; lastKnownFileType = sourcecode.swift; path = DependencyContainer.swift; sourceTree = "<group>"; };
		D4C0DE000000000000000104 /* PlaybackControlling.swift */ = {isa = PBXFileReference; lastKnownFileType = sourcecode.swift; path = PlaybackControlling.swift; sourceTree = "<group>"; };
		D4C0DE000000000000000105 /* LibraryScanning.swift */ = {isa = PBXFileReference; lastKnownFileType = sourcecode.swift; path = LibraryScanning.swift; sourceTree = "<group>"; };
		D4C0DE000000000000000106 /* TrackRepository.swift */ = {isa = PBXFileReference; lastKnownFileType = sourcecode.swift; path = TrackRepository.swift; sourceTree = "<group>"; };
		D4C0DE000000000000000107 /* SearchRepository.swift */ = {isa = PBXFileReference; lastKnownFileType = sourcecode.swift; path = SearchRepository.swift; sourceTree = "<group>"; };
		D4C0DE000000000000000108 /* DSPModule.swift */ = {isa = PBXFileReference; lastKnownFileType = sourcecode.swift; path = DSPModule.swift; sourceTree = "<group>"; };
		D4C0DE000000000000000109 /* SharedModule.swift */ = {isa = PBXFileReference; lastKnownFileType = sourcecode.swift; path = SharedModule.swift; sourceTree = "<group>"; };
		D4C0DE00000000000000010A /* LibraryFeature.swift */ = {isa = PBXFileReference; lastKnownFileType = sourcecode.swift; path = LibraryFeature.swift; sourceTree = "<group>"; };
		D4C0DE00000000000000010B /* NowPlayingFeature.swift */ = {isa = PBXFileReference; lastKnownFileType = sourcecode.swift; path = NowPlayingFeature.swift; sourceTree = "<group>"; };
		D4C0DE00000000000000010C /* SourcesFeature.swift */ = {isa = PBXFileReference; lastKnownFileType = sourcecode.swift; path = SourcesFeature.swift; sourceTree = "<group>"; };
		D4C0DE00000000000000010D /* BootstrapTests.swift */ = {isa = PBXFileReference; lastKnownFileType = sourcecode.swift; path = BootstrapTests.swift; sourceTree = "<group>"; };
		D4C0DE00000000000000010E /* Info.plist */ = {isa = PBXFileReference; lastKnownFileType = text.plist.xml; path = Info.plist; sourceTree = "<group>"; };
		D4C0DE00000000000000010F /* Info.plist */ = {isa = PBXFileReference; lastKnownFileType = text.plist.xml; path = Info.plist; sourceTree = "<group>"; };
		D4C0DE000000000000000110 /* PlayerApp.app */ = {isa = PBXFileReference; explicitFileType = wrapper.application; includeInIndex = 0; path = PlayerApp.app; sourceTree = BUILT_PRODUCTS_DIR; };
		D4C0DE000000000000000111 /* PlayerAppTests.xctest */ = {isa = PBXFileReference; explicitFileType = wrapper.cfbundle; includeInIndex = 0; path = PlayerAppTests.xctest; sourceTree = BUILT_PRODUCTS_DIR; };
		D4C0DE000000000000000112 /* DatabaseTests.swift */ = {isa = PBXFileReference; lastKnownFileType = sourcecode.swift; path = DatabaseTests.swift; sourceTree = "<group>"; };
		D4C0DE000000000000000113 /* PlayerDatabase.swift */ = {isa = PBXFileReference; lastKnownFileType = sourcecode.swift; path = PlayerDatabase.swift; sourceTree = "<group>"; };
		D4C0DE000000000000000114 /* DatabaseMigrations.swift */ = {isa = PBXFileReference; lastKnownFileType = sourcecode.swift; path = DatabaseMigrations.swift; sourceTree = "<group>"; };
		D4C0DE000000000000000115 /* SourceRootRecord.swift */ = {isa = PBXFileReference; lastKnownFileType = sourcecode.swift; path = SourceRootRecord.swift; sourceTree = "<group>"; };
		D4C0DE000000000000000116 /* ArtworkRecord.swift */ = {isa = PBXFileReference; lastKnownFileType = sourcecode.swift; path = ArtworkRecord.swift; sourceTree = "<group>"; };
		D4C0DE000000000000000117 /* TrackRecord.swift */ = {isa = PBXFileReference; lastKnownFileType = sourcecode.swift; path = TrackRecord.swift; sourceTree = "<group>"; };
		D4C0DE000000000000000118 /* TrackSearchResult.swift */ = {isa = PBXFileReference; lastKnownFileType = sourcecode.swift; path = TrackSearchResult.swift; sourceTree = "<group>"; };
		D4C0DE000000000000000119 /* GRDBTrackRepository.swift */ = {isa = PBXFileReference; lastKnownFileType = sourcecode.swift; path = GRDBTrackRepository.swift; sourceTree = "<group>"; };
		D4C0DE000000000000000122 /* LibraryScannerTests.swift */ = {isa = PBXFileReference; lastKnownFileType = sourcecode.swift; path = LibraryScannerTests.swift; sourceTree = "<group>"; };
		D4C0DE000000000000000123 /* AudioFileExtensionFilter.swift */ = {isa = PBXFileReference; lastKnownFileType = sourcecode.swift; path = AudioFileExtensionFilter.swift; sourceTree = "<group>"; };
		D4C0DE000000000000000124 /* ScannedAudioFile.swift */ = {isa = PBXFileReference; lastKnownFileType = sourcecode.swift; path = ScannedAudioFile.swift; sourceTree = "<group>"; };
		D4C0DE000000000000000125 /* LibraryScanner.swift */ = {isa = PBXFileReference; lastKnownFileType = sourcecode.swift; path = LibraryScanner.swift; sourceTree = "<group>"; };
		D4C0DE000000000000000126 /* SourceRootAccess.swift */ = {isa = PBXFileReference; lastKnownFileType = sourcecode.swift; path = SourceRootAccess.swift; sourceTree = "<group>"; };
		D4C0DE000000000000000127 /* SourceRootRepository.swift */ = {isa = PBXFileReference; lastKnownFileType = sourcecode.swift; path = SourceRootRepository.swift; sourceTree = "<group>"; };
		D4C0DE000000000000000128 /* FolderPicker.swift */ = {isa = PBXFileReference; lastKnownFileType = sourcecode.swift; path = FolderPicker.swift; sourceTree = "<group>"; };
		D4C0DE000000000000000129 /* SourcesViewModel.swift */ = {isa = PBXFileReference; lastKnownFileType = sourcecode.swift; path = SourcesViewModel.swift; sourceTree = "<group>"; };
		D4C0DE00000000000000012A /* SourcesView.swift */ = {isa = PBXFileReference; lastKnownFileType = sourcecode.swift; path = SourcesView.swift; sourceTree = "<group>"; };
		D4C0DE000000000000000130 /* MetadataReaderTests.swift */ = {isa = PBXFileReference; lastKnownFileType = sourcecode.swift; path = MetadataReaderTests.swift; sourceTree = "<group>"; };
		D4C0DE000000000000000131 /* MetadataReading.swift */ = {isa = PBXFileReference; lastKnownFileType = sourcecode.swift; path = MetadataReading.swift; sourceTree = "<group>"; };
		D4C0DE000000000000000132 /* AudioFileMetadata.swift */ = {isa = PBXFileReference; lastKnownFileType = sourcecode.swift; path = AudioFileMetadata.swift; sourceTree = "<group>"; };
		D4C0DE000000000000000133 /* AudioMetadataTagNormalizer.swift */ = {isa = PBXFileReference; lastKnownFileType = sourcecode.swift; path = AudioMetadataTagNormalizer.swift; sourceTree = "<group>"; };
		D4C0DE000000000000000134 /* AVFoundationMetadataReader.swift */ = {isa = PBXFileReference; lastKnownFileType = sourcecode.swift; path = AVFoundationMetadataReader.swift; sourceTree = "<group>"; };
		D4C0DE000000000000000135 /* SFBAudioMetadataReader.swift */ = {isa = PBXFileReference; lastKnownFileType = sourcecode.swift; path = SFBAudioMetadataReader.swift; sourceTree = "<group>"; };
		D4C0DE000000000000000136 /* SFBAudioIntegrationTests.swift */ = {isa = PBXFileReference; lastKnownFileType = sourcecode.swift; path = SFBAudioIntegrationTests.swift; sourceTree = "<group>"; };
		D4C0DE000000000000000137 /* AudioSessionController.swift */ = {isa = PBXFileReference; lastKnownFileType = sourcecode.swift; path = AudioSessionController.swift; sourceTree = "<group>"; };
		D4C0DE000000000000000138 /* PlaybackEngine.swift */ = {isa = PBXFileReference; lastKnownFileType = sourcecode.swift; path = PlaybackEngine.swift; sourceTree = "<group>"; };
		D4C0DE000000000000000139 /* SFBAudioPlaybackBackend.swift */ = {isa = PBXFileReference; lastKnownFileType = sourcecode.swift; path = SFBAudioPlaybackBackend.swift; sourceTree = "<group>"; };
		D4C0DE00000000000000013A /* PlaybackSystemTests.swift */ = {isa = PBXFileReference; lastKnownFileType = sourcecode.swift; path = PlaybackSystemTests.swift; sourceTree = "<group>"; };
		D4C0DE00000000000000013B /* NowPlayingController.swift */ = {isa = PBXFileReference; lastKnownFileType = sourcecode.swift; path = NowPlayingController.swift; sourceTree = "<group>"; };
		D4C0DE00000000000000013C /* RemoteCommandController.swift */ = {isa = PBXFileReference; lastKnownFileType = sourcecode.swift; path = RemoteCommandController.swift; sourceTree = "<group>"; };
		D4C0DE00000000000000013D /* AudioSessionEventObserver.swift */ = {isa = PBXFileReference; lastKnownFileType = sourcecode.swift; path = AudioSessionEventObserver.swift; sourceTree = "<group>"; };
		D4C0DE00000000000000013E /* AudioRouteDiagnostics.swift */ = {isa = PBXFileReference; lastKnownFileType = sourcecode.swift; path = AudioRouteDiagnostics.swift; sourceTree = "<group>"; };
		D4C0DE00000000000000013F /* PlaybackCommandAdapters.swift */ = {isa = PBXFileReference; lastKnownFileType = sourcecode.swift; path = PlaybackCommandAdapters.swift; sourceTree = "<group>"; };
		D4C0DE000000000000000140 /* EqualizerTests.swift */ = {isa = PBXFileReference; lastKnownFileType = sourcecode.swift; path = EqualizerTests.swift; sourceTree = "<group>"; };
		D4C0DE000000000000000141 /* PEQBand.swift */ = {isa = PBXFileReference; lastKnownFileType = sourcecode.swift; path = PEQBand.swift; sourceTree = "<group>"; };
		D4C0DE000000000000000142 /* EQPreset.swift */ = {isa = PBXFileReference; lastKnownFileType = sourcecode.swift; path = EQPreset.swift; sourceTree = "<group>"; };
		D4C0DE000000000000000143 /* EqualizerState.swift */ = {isa = PBXFileReference; lastKnownFileType = sourcecode.swift; path = EqualizerState.swift; sourceTree = "<group>"; };
		D4C0DE000000000000000144 /* EQBandwidthConverter.swift */ = {isa = PBXFileReference; lastKnownFileType = sourcecode.swift; path = EQBandwidthConverter.swift; sourceTree = "<group>"; };
		D4C0DE000000000000000145 /* EqualizerNodeController.swift */ = {isa = PBXFileReference; lastKnownFileType = sourcecode.swift; path = EqualizerNodeController.swift; sourceTree = "<group>"; };
		D4C0DE000000000000000146 /* EqualizerViewModel.swift */ = {isa = PBXFileReference; lastKnownFileType = sourcecode.swift; path = EqualizerViewModel.swift; sourceTree = "<group>"; };
		D4C0DE000000000000000147 /* EqualizerView.swift */ = {isa = PBXFileReference; lastKnownFileType = sourcecode.swift; path = EqualizerView.swift; sourceTree = "<group>"; };
		D4C0DE000000000000000148 /* AutoEqImporterTests.swift */ = {isa = PBXFileReference; lastKnownFileType = sourcecode.swift; path = AutoEqImporterTests.swift; sourceTree = "<group>"; };
		D4C0DE000000000000000149 /* AutoEqImporter.swift */ = {isa = PBXFileReference; lastKnownFileType = sourcecode.swift; path = AutoEqImporter.swift; sourceTree = "<group>"; };
		D4C0DE000000000000000150 /* HeadphonePresetRepository.swift */ = {isa = PBXFileReference; lastKnownFileType = sourcecode.swift; path = HeadphonePresetRepository.swift; sourceTree = "<group>"; };
		D4C0DE000000000000000151 /* HeadphonePresetSearchViewModel.swift */ = {isa = PBXFileReference; lastKnownFileType = sourcecode.swift; path = HeadphonePresetSearchViewModel.swift; sourceTree = "<group>"; };
		D4C0DE000000000000000152 /* CustomDSPTests.swift */ = {isa = PBXFileReference; lastKnownFileType = sourcecode.swift; path = CustomDSPTests.swift; sourceTree = "<group>"; };
		D4C0DE000000000000000153 /* BiquadCoefficients.swift */ = {isa = PBXFileReference; lastKnownFileType = sourcecode.swift; path = BiquadCoefficients.swift; sourceTree = "<group>"; };
		D4C0DE000000000000000154 /* BiquadFilter.swift */ = {isa = PBXFileReference; lastKnownFileType = sourcecode.swift; path = BiquadFilter.swift; sourceTree = "<group>"; };
		D4C0DE000000000000000155 /* CustomBiquadDSPPrototype.swift */ = {isa = PBXFileReference; lastKnownFileType = sourcecode.swift; path = CustomBiquadDSPPrototype.swift; sourceTree = "<group>"; };
		D4C0DE000000000000000156 /* GaplessQueueTests.swift */ = {isa = PBXFileReference; lastKnownFileType = sourcecode.swift; path = GaplessQueueTests.swift; sourceTree = "<group>"; };
		D4C0DE000000000000000157 /* PlaybackQueue.swift */ = {isa = PBXFileReference; lastKnownFileType = sourcecode.swift; path = PlaybackQueue.swift; sourceTree = "<group>"; };
		D4C0DE000000000000000158 /* QueueDecoderPreparing.swift */ = {isa = PBXFileReference; lastKnownFileType = sourcecode.swift; path = QueueDecoderPreparing.swift; sourceTree = "<group>"; };
		D4C0DE000000000000000159 /* GaplessPlaybackCoordinator.swift */ = {isa = PBXFileReference; lastKnownFileType = sourcecode.swift; path = GaplessPlaybackCoordinator.swift; sourceTree = "<group>"; };
		D4C0DE00000000000000015A /* MusicLibraryImporterTests.swift */ = {isa = PBXFileReference; lastKnownFileType = sourcecode.swift; path = MusicLibraryImporterTests.swift; sourceTree = "<group>"; };
		D4C0DE00000000000000015B /* MusicLibraryImporter.swift */ = {isa = PBXFileReference; lastKnownFileType = sourcecode.swift; path = MusicLibraryImporter.swift; sourceTree = "<group>"; };
		D4C0DE00000000000000015C /* MediaPlayerMusicLibraryClient.swift */ = {isa = PBXFileReference; lastKnownFileType = sourcecode.swift; path = MediaPlayerMusicLibraryClient.swift; sourceTree = "<group>"; };
		D4C0DE00000000000000015D /* OutputRouteTests.swift */ = {isa = PBXFileReference; lastKnownFileType = sourcecode.swift; path = OutputRouteTests.swift; sourceTree = "<group>"; };
		D4C0DE00000000000000015E /* AirPlayRoutePickerView.swift */ = {isa = PBXFileReference; lastKnownFileType = sourcecode.swift; path = AirPlayRoutePickerView.swift; sourceTree = "<group>"; };
		D4C0DE00000000000000015F /* OutputRouteViewModel.swift */ = {isa = PBXFileReference; lastKnownFileType = sourcecode.swift; path = OutputRouteViewModel.swift; sourceTree = "<group>"; };
		D4C0DE000000000000000160 /* OutputRouteView.swift */ = {isa = PBXFileReference; lastKnownFileType = sourcecode.swift; path = OutputRouteView.swift; sourceTree = "<group>"; };
		D4C0DE000000000000000161 /* SpotlightIndexerTests.swift */ = {isa = PBXFileReference; lastKnownFileType = sourcecode.swift; path = SpotlightIndexerTests.swift; sourceTree = "<group>"; };
		D4C0DE000000000000000162 /* LibrarySpotlightIndexer.swift */ = {isa = PBXFileReference; lastKnownFileType = sourcecode.swift; path = LibrarySpotlightIndexer.swift; sourceTree = "<group>"; };
		D4C0DE000000000000000163 /* ReplayGainTests.swift */ = {isa = PBXFileReference; lastKnownFileType = sourcecode.swift; path = ReplayGainTests.swift; sourceTree = "<group>"; };
		D4C0DE000000000000000164 /* ReplayGain.swift */ = {isa = PBXFileReference; lastKnownFileType = sourcecode.swift; path = ReplayGain.swift; sourceTree = "<group>"; };
		D4C0DE000000000000000165 /* LibraryScanImportTests.swift */ = {isa = PBXFileReference; lastKnownFileType = sourcecode.swift; path = LibraryScanImportTests.swift; sourceTree = "<group>"; };
		D4C0DE000000000000000166 /* LibraryScanImporter.swift */ = {isa = PBXFileReference; lastKnownFileType = sourcecode.swift; path = LibraryScanImporter.swift; sourceTree = "<group>"; };
/* End PBXFileReference section */

/* Begin PBXFrameworksBuildPhase section */
		D4C0DE000000000000000302 /* Frameworks */ = {
			isa = PBXFrameworksBuildPhase;
			buildActionMask = 2147483647;
			files = (
				D4C0DE00000000000000000E /* GRDB in Frameworks */,
				D4C0DE00000000000000003A /* SFBAudioEngine in Frameworks */,
			);
			runOnlyForDeploymentPostprocessing = 0;
		};
		D4C0DE000000000000000305 /* Frameworks */ = {
			isa = PBXFrameworksBuildPhase;
			buildActionMask = 2147483647;
			files = (
				D4C0DE000000000000000017 /* GRDB in Frameworks */,
				D4C0DE00000000000000003B /* SFBAudioEngine in Frameworks */,
			);
			runOnlyForDeploymentPostprocessing = 0;
		};
/* End PBXFrameworksBuildPhase section */

/* Begin PBXGroup section */
		D4C0DE000000000000000201 = {
			isa = PBXGroup;
			children = (
				D4C0DE000000000000000202 /* PlayerApp */,
				D4C0DE00000000000000020D /* PlayerAppTests */,
				D4C0DE00000000000000020E /* Products */,
			);
			sourceTree = "<group>";
		};
		D4C0DE000000000000000202 /* PlayerApp */ = {
			isa = PBXGroup;
			children = (
				D4C0DE000000000000000203 /* App */,
				D4C0DE000000000000000207 /* Core */,
				D4C0DE000000000000000204 /* Features */,
				D4C0DE00000000000000010E /* Info.plist */,
			);
			path = PlayerApp;
			sourceTree = "<group>";
		};
		D4C0DE000000000000000203 /* App */ = {
			isa = PBXGroup;
			children = (
				D4C0DE000000000000000101 /* PlayerAppApp.swift */,
				D4C0DE000000000000000103 /* DependencyContainer.swift */,
				D4C0DE000000000000000102 /* RootView.swift */,
			);
			path = App;
			sourceTree = "<group>";
		};
		D4C0DE000000000000000204 /* Features */ = {
			isa = PBXGroup;
			children = (
				D4C0DE000000000000000205 /* Library */,
				D4C0DE000000000000000206 /* NowPlaying */,
				D4C0DE000000000000000210 /* Equalizer */,
				D4C0DE00000000000000020F /* Sources */,
				D4C0DE000000000000000211 /* Output */,
			);
			path = Features;
			sourceTree = "<group>";
		};
		D4C0DE000000000000000205 /* Library */ = {
			isa = PBXGroup;
			children = (
				D4C0DE00000000000000010A /* LibraryFeature.swift */,
			);
			path = Library;
			sourceTree = "<group>";
		};
		D4C0DE000000000000000206 /* NowPlaying */ = {
			isa = PBXGroup;
			children = (
				D4C0DE00000000000000010B /* NowPlayingFeature.swift */,
			);
			path = NowPlaying;
			sourceTree = "<group>";
		};
		D4C0DE000000000000000207 /* Core */ = {
			isa = PBXGroup;
			children = (
				D4C0DE000000000000000208 /* AudioCore */,
				D4C0DE000000000000000209 /* LibraryCore */,
				D4C0DE00000000000000020A /* Persistence */,
				D4C0DE00000000000000020B /* DSP */,
				D4C0DE00000000000000020C /* Shared */,
			);
			path = Core;
			sourceTree = "<group>";
		};
		D4C0DE000000000000000208 /* AudioCore */ = {
			isa = PBXGroup;
			children = (
				D4C0DE000000000000000104 /* PlaybackControlling.swift */,
				D4C0DE000000000000000137 /* AudioSessionController.swift */,
				D4C0DE000000000000000138 /* PlaybackEngine.swift */,
				D4C0DE000000000000000139 /* SFBAudioPlaybackBackend.swift */,
				D4C0DE00000000000000013B /* NowPlayingController.swift */,
				D4C0DE00000000000000013C /* RemoteCommandController.swift */,
				D4C0DE00000000000000013D /* AudioSessionEventObserver.swift */,
				D4C0DE00000000000000013E /* AudioRouteDiagnostics.swift */,
				D4C0DE00000000000000013F /* PlaybackCommandAdapters.swift */,
				D4C0DE000000000000000145 /* EqualizerNodeController.swift */,
				D4C0DE000000000000000157 /* PlaybackQueue.swift */,
				D4C0DE000000000000000158 /* QueueDecoderPreparing.swift */,
				D4C0DE000000000000000159 /* GaplessPlaybackCoordinator.swift */,
			);
			path = AudioCore;
			sourceTree = "<group>";
		};
		D4C0DE000000000000000209 /* LibraryCore */ = {
			isa = PBXGroup;
			children = (
				D4C0DE000000000000000123 /* AudioFileExtensionFilter.swift */,
				D4C0DE000000000000000124 /* ScannedAudioFile.swift */,
				D4C0DE000000000000000125 /* LibraryScanner.swift */,
				D4C0DE000000000000000166 /* LibraryScanImporter.swift */,
				D4C0DE000000000000000126 /* SourceRootAccess.swift */,
				D4C0DE000000000000000131 /* MetadataReading.swift */,
				D4C0DE000000000000000132 /* AudioFileMetadata.swift */,
				D4C0DE000000000000000133 /* AudioMetadataTagNormalizer.swift */,
				D4C0DE000000000000000134 /* AVFoundationMetadataReader.swift */,
				D4C0DE000000000000000135 /* SFBAudioMetadataReader.swift */,
				D4C0DE00000000000000015B /* MusicLibraryImporter.swift */,
				D4C0DE00000000000000015C /* MediaPlayerMusicLibraryClient.swift */,
				D4C0DE000000000000000162 /* LibrarySpotlightIndexer.swift */,
				D4C0DE000000000000000105 /* LibraryScanning.swift */,
			);
			path = LibraryCore;
			sourceTree = "<group>";
		};
		D4C0DE00000000000000020A /* Persistence */ = {
			isa = PBXGroup;
			children = (
				D4C0DE000000000000000113 /* PlayerDatabase.swift */,
				D4C0DE000000000000000114 /* DatabaseMigrations.swift */,
				D4C0DE000000000000000115 /* SourceRootRecord.swift */,
				D4C0DE000000000000000116 /* ArtworkRecord.swift */,
				D4C0DE000000000000000117 /* TrackRecord.swift */,
				D4C0DE000000000000000118 /* TrackSearchResult.swift */,
				D4C0DE000000000000000119 /* GRDBTrackRepository.swift */,
				D4C0DE000000000000000127 /* SourceRootRepository.swift */,
				D4C0DE000000000000000106 /* TrackRepository.swift */,
				D4C0DE000000000000000107 /* SearchRepository.swift */,
			);
			path = Persistence;
			sourceTree = "<group>";
		};
		D4C0DE00000000000000020B /* DSP */ = {
			isa = PBXGroup;
			children = (
				D4C0DE000000000000000108 /* DSPModule.swift */,
				D4C0DE000000000000000141 /* PEQBand.swift */,
				D4C0DE000000000000000142 /* EQPreset.swift */,
				D4C0DE000000000000000143 /* EqualizerState.swift */,
				D4C0DE000000000000000144 /* EQBandwidthConverter.swift */,
				D4C0DE000000000000000149 /* AutoEqImporter.swift */,
				D4C0DE000000000000000150 /* HeadphonePresetRepository.swift */,
				D4C0DE000000000000000164 /* ReplayGain.swift */,
				D4C0DE000000000000000153 /* BiquadCoefficients.swift */,
				D4C0DE000000000000000154 /* BiquadFilter.swift */,
				D4C0DE000000000000000155 /* CustomBiquadDSPPrototype.swift */,
			);
			path = DSP;
			sourceTree = "<group>";
		};
		D4C0DE00000000000000020C /* Shared */ = {
			isa = PBXGroup;
			children = (
				D4C0DE000000000000000109 /* SharedModule.swift */,
			);
			path = Shared;
			sourceTree = "<group>";
		};
		D4C0DE00000000000000020D /* PlayerAppTests */ = {
			isa = PBXGroup;
			children = (
				D4C0DE00000000000000010D /* BootstrapTests.swift */,
				D4C0DE000000000000000112 /* DatabaseTests.swift */,
				D4C0DE000000000000000122 /* LibraryScannerTests.swift */,
				D4C0DE000000000000000130 /* MetadataReaderTests.swift */,
				D4C0DE000000000000000136 /* SFBAudioIntegrationTests.swift */,
				D4C0DE00000000000000013A /* PlaybackSystemTests.swift */,
				D4C0DE000000000000000140 /* EqualizerTests.swift */,
				D4C0DE000000000000000148 /* AutoEqImporterTests.swift */,
				D4C0DE000000000000000152 /* CustomDSPTests.swift */,
				D4C0DE000000000000000156 /* GaplessQueueTests.swift */,
				D4C0DE00000000000000015A /* MusicLibraryImporterTests.swift */,
				D4C0DE00000000000000015D /* OutputRouteTests.swift */,
				D4C0DE000000000000000161 /* SpotlightIndexerTests.swift */,
				D4C0DE000000000000000163 /* ReplayGainTests.swift */,
				D4C0DE000000000000000165 /* LibraryScanImportTests.swift */,
				D4C0DE00000000000000010F /* Info.plist */,
			);
			path = PlayerAppTests;
			sourceTree = "<group>";
		};
		D4C0DE00000000000000020E /* Products */ = {
			isa = PBXGroup;
			children = (
				D4C0DE000000000000000110 /* PlayerApp.app */,
				D4C0DE000000000000000111 /* PlayerAppTests.xctest */,
			);
			name = Products;
			sourceTree = "<group>";
		};
		D4C0DE00000000000000020F /* Sources */ = {
			isa = PBXGroup;
			children = (
				D4C0DE000000000000000128 /* FolderPicker.swift */,
				D4C0DE000000000000000129 /* SourcesViewModel.swift */,
				D4C0DE00000000000000012A /* SourcesView.swift */,
				D4C0DE00000000000000010C /* SourcesFeature.swift */,
			);
			path = Sources;
			sourceTree = "<group>";
		};
		D4C0DE000000000000000210 /* Equalizer */ = {
			isa = PBXGroup;
			children = (
				D4C0DE000000000000000146 /* EqualizerViewModel.swift */,
				D4C0DE000000000000000151 /* HeadphonePresetSearchViewModel.swift */,
				D4C0DE000000000000000147 /* EqualizerView.swift */,
			);
			path = Equalizer;
			sourceTree = "<group>";
		};
		D4C0DE000000000000000211 /* Output */ = {
			isa = PBXGroup;
			children = (
				D4C0DE00000000000000015E /* AirPlayRoutePickerView.swift */,
				D4C0DE00000000000000015F /* OutputRouteViewModel.swift */,
				D4C0DE000000000000000160 /* OutputRouteView.swift */,
			);
			path = Output;
			sourceTree = "<group>";
		};
/* End PBXGroup section */

/* Begin PBXNativeTarget section */
		D4C0DE000000000000000401 /* PlayerApp */ = {
			isa = PBXNativeTarget;
			buildConfigurationList = D4C0DE000000000000000502 /* Build configuration list for PBXNativeTarget "PlayerApp" */;
			buildPhases = (
				D4C0DE000000000000000301 /* Sources */,
				D4C0DE000000000000000302 /* Frameworks */,
				D4C0DE000000000000000303 /* Resources */,
			);
			buildRules = (
			);
			dependencies = (
			);
			name = PlayerApp;
			packageProductDependencies = (
				D4C0DE000000000000000702 /* GRDB */,
				D4C0DE000000000000000704 /* SFBAudioEngine */,
			);
			productName = PlayerApp;
			productReference = D4C0DE000000000000000110 /* PlayerApp.app */;
			productType = "com.apple.product-type.application";
		};
		D4C0DE000000000000000402 /* PlayerAppTests */ = {
			isa = PBXNativeTarget;
			buildConfigurationList = D4C0DE000000000000000503 /* Build configuration list for PBXNativeTarget "PlayerAppTests" */;
			buildPhases = (
				D4C0DE000000000000000304 /* Sources */,
				D4C0DE000000000000000305 /* Frameworks */,
				D4C0DE000000000000000306 /* Resources */,
			);
			buildRules = (
			);
			dependencies = (
				D4C0DE000000000000000902 /* PBXTargetDependency */,
			);
			name = PlayerAppTests;
			packageProductDependencies = (
				D4C0DE000000000000000702 /* GRDB */,
				D4C0DE000000000000000704 /* SFBAudioEngine */,
			);
			productName = PlayerAppTests;
			productReference = D4C0DE000000000000000111 /* PlayerAppTests.xctest */;
			productType = "com.apple.product-type.bundle.unit-test";
		};
/* End PBXNativeTarget section */

/* Begin PBXProject section */
		D4C0DE000000000000000801 /* Project object */ = {
			isa = PBXProject;
			attributes = {
				BuildIndependentTargetsInParallel = 1;
				LastSwiftUpdateCheck = 1600;
				LastUpgradeCheck = 1600;
				TargetAttributes = {
					D4C0DE000000000000000401 = {
						CreatedOnToolsVersion = 16.0;
					};
					D4C0DE000000000000000402 = {
						CreatedOnToolsVersion = 16.0;
						TestTargetID = D4C0DE000000000000000401;
					};
				};
			};
			buildConfigurationList = D4C0DE000000000000000501 /* Build configuration list for PBXProject "PlayerApp" */;
			compatibilityVersion = "Xcode 14.0";
			developmentRegion = en;
			hasScannedForEncodings = 0;
			knownRegions = (
				en,
				Base,
			);
			mainGroup = D4C0DE000000000000000201;
			packageReferences = (
				D4C0DE000000000000000701 /* XCRemoteSwiftPackageReference "GRDB.swift" */,
				D4C0DE000000000000000703 /* XCRemoteSwiftPackageReference "SFBAudioEngine" */,
			);
			productRefGroup = D4C0DE00000000000000020E /* Products */;
			projectDirPath = "";
			projectRoot = "";
			targets = (
				D4C0DE000000000000000401 /* PlayerApp */,
				D4C0DE000000000000000402 /* PlayerAppTests */,
			);
		};
/* End PBXProject section */

/* Begin PBXResourcesBuildPhase section */
		D4C0DE000000000000000303 /* Resources */ = {
			isa = PBXResourcesBuildPhase;
			buildActionMask = 2147483647;
			files = (
			);
			runOnlyForDeploymentPostprocessing = 0;
		};
		D4C0DE000000000000000306 /* Resources */ = {
			isa = PBXResourcesBuildPhase;
			buildActionMask = 2147483647;
			files = (
			);
			runOnlyForDeploymentPostprocessing = 0;
		};
/* End PBXResourcesBuildPhase section */

/* Begin PBXSourcesBuildPhase section */
		D4C0DE000000000000000301 /* Sources */ = {
			isa = PBXSourcesBuildPhase;
			buildActionMask = 2147483647;
			files = (
				D4C0DE000000000000000001 /* PlayerAppApp.swift in Sources */,
				D4C0DE000000000000000003 /* DependencyContainer.swift in Sources */,
				D4C0DE000000000000000002 /* RootView.swift in Sources */,
				D4C0DE000000000000000004 /* PlaybackControlling.swift in Sources */,
				D4C0DE000000000000000037 /* AudioSessionController.swift in Sources */,
				D4C0DE000000000000000038 /* PlaybackEngine.swift in Sources */,
				D4C0DE000000000000000039 /* SFBAudioPlaybackBackend.swift in Sources */,
				D4C0DE00000000000000003D /* NowPlayingController.swift in Sources */,
				D4C0DE00000000000000003E /* RemoteCommandController.swift in Sources */,
				D4C0DE00000000000000003F /* AudioSessionEventObserver.swift in Sources */,
				D4C0DE000000000000000040 /* AudioRouteDiagnostics.swift in Sources */,
				D4C0DE000000000000000041 /* PlaybackCommandAdapters.swift in Sources */,
				D4C0DE000000000000000047 /* EqualizerNodeController.swift in Sources */,
				D4C0DE000000000000000059 /* PlaybackQueue.swift in Sources */,
				D4C0DE00000000000000005A /* QueueDecoderPreparing.swift in Sources */,
				D4C0DE00000000000000005B /* GaplessPlaybackCoordinator.swift in Sources */,
				D4C0DE000000000000000021 /* AudioFileExtensionFilter.swift in Sources */,
				D4C0DE000000000000000022 /* ScannedAudioFile.swift in Sources */,
				D4C0DE000000000000000023 /* LibraryScanner.swift in Sources */,
				D4C0DE000000000000000068 /* LibraryScanImporter.swift in Sources */,
				D4C0DE000000000000000024 /* SourceRootAccess.swift in Sources */,
				D4C0DE000000000000000031 /* MetadataReading.swift in Sources */,
				D4C0DE000000000000000032 /* AudioFileMetadata.swift in Sources */,
				D4C0DE000000000000000033 /* AudioMetadataTagNormalizer.swift in Sources */,
				D4C0DE000000000000000034 /* AVFoundationMetadataReader.swift in Sources */,
				D4C0DE000000000000000035 /* SFBAudioMetadataReader.swift in Sources */,
				D4C0DE00000000000000005D /* MusicLibraryImporter.swift in Sources */,
				D4C0DE00000000000000005E /* MediaPlayerMusicLibraryClient.swift in Sources */,
				D4C0DE000000000000000064 /* LibrarySpotlightIndexer.swift in Sources */,
				D4C0DE000000000000000005 /* LibraryScanning.swift in Sources */,
				D4C0DE000000000000000010 /* PlayerDatabase.swift in Sources */,
				D4C0DE000000000000000011 /* DatabaseMigrations.swift in Sources */,
				D4C0DE000000000000000012 /* SourceRootRecord.swift in Sources */,
				D4C0DE000000000000000013 /* ArtworkRecord.swift in Sources */,
				D4C0DE000000000000000014 /* TrackRecord.swift in Sources */,
				D4C0DE000000000000000015 /* TrackSearchResult.swift in Sources */,
				D4C0DE000000000000000016 /* GRDBTrackRepository.swift in Sources */,
				D4C0DE000000000000000025 /* SourceRootRepository.swift in Sources */,
				D4C0DE000000000000000006 /* TrackRepository.swift in Sources */,
				D4C0DE000000000000000007 /* SearchRepository.swift in Sources */,
				D4C0DE000000000000000008 /* DSPModule.swift in Sources */,
				D4C0DE000000000000000043 /* PEQBand.swift in Sources */,
				D4C0DE000000000000000044 /* EQPreset.swift in Sources */,
				D4C0DE000000000000000045 /* EqualizerState.swift in Sources */,
				D4C0DE000000000000000046 /* EQBandwidthConverter.swift in Sources */,
				D4C0DE000000000000000051 /* AutoEqImporter.swift in Sources */,
				D4C0DE000000000000000052 /* HeadphonePresetRepository.swift in Sources */,
				D4C0DE000000000000000066 /* ReplayGain.swift in Sources */,
				D4C0DE000000000000000055 /* BiquadCoefficients.swift in Sources */,
				D4C0DE000000000000000056 /* BiquadFilter.swift in Sources */,
				D4C0DE000000000000000057 /* CustomBiquadDSPPrototype.swift in Sources */,
				D4C0DE000000000000000009 /* SharedModule.swift in Sources */,
				D4C0DE00000000000000000A /* LibraryFeature.swift in Sources */,
				D4C0DE00000000000000000B /* NowPlayingFeature.swift in Sources */,
				D4C0DE000000000000000048 /* EqualizerViewModel.swift in Sources */,
				D4C0DE000000000000000053 /* HeadphonePresetSearchViewModel.swift in Sources */,
				D4C0DE000000000000000049 /* EqualizerView.swift in Sources */,
				D4C0DE000000000000000060 /* AirPlayRoutePickerView.swift in Sources */,
				D4C0DE000000000000000061 /* OutputRouteViewModel.swift in Sources */,
				D4C0DE000000000000000062 /* OutputRouteView.swift in Sources */,
				D4C0DE000000000000000026 /* FolderPicker.swift in Sources */,
				D4C0DE000000000000000027 /* SourcesViewModel.swift in Sources */,
				D4C0DE000000000000000028 /* SourcesView.swift in Sources */,
				D4C0DE00000000000000000C /* SourcesFeature.swift in Sources */,
			);
			runOnlyForDeploymentPostprocessing = 0;
		};
		D4C0DE000000000000000304 /* Sources */ = {
			isa = PBXSourcesBuildPhase;
			buildActionMask = 2147483647;
			files = (
				D4C0DE00000000000000000D /* BootstrapTests.swift in Sources */,
				D4C0DE00000000000000000F /* DatabaseTests.swift in Sources */,
				D4C0DE000000000000000020 /* LibraryScannerTests.swift in Sources */,
				D4C0DE000000000000000030 /* MetadataReaderTests.swift in Sources */,
				D4C0DE000000000000000036 /* SFBAudioIntegrationTests.swift in Sources */,
				D4C0DE00000000000000003C /* PlaybackSystemTests.swift in Sources */,
				D4C0DE000000000000000042 /* EqualizerTests.swift in Sources */,
				D4C0DE000000000000000050 /* AutoEqImporterTests.swift in Sources */,
				D4C0DE000000000000000054 /* CustomDSPTests.swift in Sources */,
				D4C0DE000000000000000058 /* GaplessQueueTests.swift in Sources */,
				D4C0DE00000000000000005C /* MusicLibraryImporterTests.swift in Sources */,
				D4C0DE00000000000000005F /* OutputRouteTests.swift in Sources */,
				D4C0DE000000000000000063 /* SpotlightIndexerTests.swift in Sources */,
				D4C0DE000000000000000065 /* ReplayGainTests.swift in Sources */,
				D4C0DE000000000000000067 /* LibraryScanImportTests.swift in Sources */,
			);
			runOnlyForDeploymentPostprocessing = 0;
		};
/* End PBXSourcesBuildPhase section */

/* Begin PBXTargetDependency section */
		D4C0DE000000000000000902 /* PBXTargetDependency */ = {
			isa = PBXTargetDependency;
			target = D4C0DE000000000000000401 /* PlayerApp */;
			targetProxy = D4C0DE000000000000000901 /* PBXContainerItemProxy */;
		};
/* End PBXTargetDependency section */

/* Begin XCBuildConfiguration section */
		D4C0DE000000000000000601 /* Debug */ = {
			isa = XCBuildConfiguration;
			buildSettings = {
				ALWAYS_SEARCH_USER_PATHS = NO;
				CLANG_ANALYZER_NONNULL = YES;
				CLANG_ANALYZER_NUMBER_OBJECT_CONVERSION = YES_AGGRESSIVE;
				CLANG_CXX_LANGUAGE_STANDARD = "gnu++20";
				CLANG_ENABLE_MODULES = YES;
				CLANG_ENABLE_OBJC_ARC = YES;
				CLANG_ENABLE_OBJC_WEAK = YES;
				CLANG_WARN_BLOCK_CAPTURE_AUTORELEASING = YES;
				CLANG_WARN_BOOL_CONVERSION = YES;
				CLANG_WARN_COMMA = YES;
				CLANG_WARN_CONSTANT_CONVERSION = YES;
				CLANG_WARN_DEPRECATED_OBJC_IMPLEMENTATIONS = YES;
				CLANG_WARN_DIRECT_OBJC_ISA_USAGE = YES_ERROR;
				CLANG_WARN_DOCUMENTATION_COMMENTS = YES;
				CLANG_WARN_EMPTY_BODY = YES;
				CLANG_WARN_ENUM_CONVERSION = YES;
				CLANG_WARN_INFINITE_RECURSION = YES;
				CLANG_WARN_INT_CONVERSION = YES;
				CLANG_WARN_NON_LITERAL_NULL_CONVERSION = YES;
				CLANG_WARN_OBJC_IMPLICIT_RETAIN_SELF = YES;
				CLANG_WARN_OBJC_LITERAL_CONVERSION = YES;
				CLANG_WARN_OBJC_ROOT_CLASS = YES_ERROR;
				CLANG_WARN_QUOTED_INCLUDE_IN_FRAMEWORK_HEADER = YES;
				CLANG_WARN_RANGE_LOOP_ANALYSIS = YES;
				CLANG_WARN_STRICT_PROTOTYPES = YES;
				CLANG_WARN_SUSPICIOUS_MOVE = YES;
				CLANG_WARN_UNGUARDED_AVAILABILITY = YES_AGGRESSIVE;
				CLANG_WARN_UNREACHABLE_CODE = YES;
				CLANG_WARN__DUPLICATE_METHOD_MATCH = YES;
				COPY_PHASE_STRIP = NO;
				DEBUG_INFORMATION_FORMAT = dwarf;
				ENABLE_STRICT_OBJC_MSGSEND = YES;
				ENABLE_TESTABILITY = YES;
				GCC_C_LANGUAGE_STANDARD = gnu17;
				GCC_DYNAMIC_NO_PIC = NO;
				GCC_NO_COMMON_BLOCKS = YES;
				GCC_OPTIMIZATION_LEVEL = 0;
				GCC_PREPROCESSOR_DEFINITIONS = (
					"DEBUG=1",
					"$(inherited)",
				);
				GCC_WARN_64_TO_32_BIT_CONVERSION = YES;
				GCC_WARN_ABOUT_RETURN_TYPE = YES_ERROR;
				GCC_WARN_UNDECLARED_SELECTOR = YES;
				GCC_WARN_UNINITIALIZED_AUTOS = YES_AGGRESSIVE;
				GCC_WARN_UNUSED_FUNCTION = YES;
				GCC_WARN_UNUSED_VARIABLE = YES;
				IPHONEOS_DEPLOYMENT_TARGET = 17.0;
				MTL_ENABLE_DEBUG_INFO = INCLUDE_SOURCE;
				MTL_FAST_MATH = YES;
				ONLY_ACTIVE_ARCH = YES;
				SDKROOT = iphoneos;
				SWIFT_ACTIVE_COMPILATION_CONDITIONS = DEBUG;
				SWIFT_OPTIMIZATION_LEVEL = "-Onone";
				SWIFT_VERSION = 6.0;
			};
			name = Debug;
		};
		D4C0DE000000000000000602 /* Release */ = {
			isa = XCBuildConfiguration;
			buildSettings = {
				ALWAYS_SEARCH_USER_PATHS = NO;
				CLANG_ANALYZER_NONNULL = YES;
				CLANG_ANALYZER_NUMBER_OBJECT_CONVERSION = YES_AGGRESSIVE;
				CLANG_CXX_LANGUAGE_STANDARD = "gnu++20";
				CLANG_ENABLE_MODULES = YES;
				CLANG_ENABLE_OBJC_ARC = YES;
				CLANG_ENABLE_OBJC_WEAK = YES;
				CLANG_WARN_BLOCK_CAPTURE_AUTORELEASING = YES;
				CLANG_WARN_BOOL_CONVERSION = YES;
				CLANG_WARN_COMMA = YES;
				CLANG_WARN_CONSTANT_CONVERSION = YES;
				CLANG_WARN_DEPRECATED_OBJC_IMPLEMENTATIONS = YES;
				CLANG_WARN_DIRECT_OBJC_ISA_USAGE = YES_ERROR;
				CLANG_WARN_DOCUMENTATION_COMMENTS = YES;
				CLANG_WARN_EMPTY_BODY = YES;
				CLANG_WARN_ENUM_CONVERSION = YES;
				CLANG_WARN_INFINITE_RECURSION = YES;
				CLANG_WARN_INT_CONVERSION = YES;
				CLANG_WARN_NON_LITERAL_NULL_CONVERSION = YES;
				CLANG_WARN_OBJC_IMPLICIT_RETAIN_SELF = YES;
				CLANG_WARN_OBJC_LITERAL_CONVERSION = YES;
				CLANG_WARN_OBJC_ROOT_CLASS = YES_ERROR;
				CLANG_WARN_QUOTED_INCLUDE_IN_FRAMEWORK_HEADER = YES;
				CLANG_WARN_RANGE_LOOP_ANALYSIS = YES;
				CLANG_WARN_STRICT_PROTOTYPES = YES;
				CLANG_WARN_SUSPICIOUS_MOVE = YES;
				CLANG_WARN_UNGUARDED_AVAILABILITY = YES_AGGRESSIVE;
				CLANG_WARN_UNREACHABLE_CODE = YES;
				CLANG_WARN__DUPLICATE_METHOD_MATCH = YES;
				COPY_PHASE_STRIP = NO;
				DEBUG_INFORMATION_FORMAT = "dwarf-with-dsym";
				ENABLE_NS_ASSERTIONS = NO;
				ENABLE_STRICT_OBJC_MSGSEND = YES;
				GCC_C_LANGUAGE_STANDARD = gnu17;
				GCC_NO_COMMON_BLOCKS = YES;
				GCC_WARN_64_TO_32_BIT_CONVERSION = YES;
				GCC_WARN_ABOUT_RETURN_TYPE = YES_ERROR;
				GCC_WARN_UNDECLARED_SELECTOR = YES;
				GCC_WARN_UNINITIALIZED_AUTOS = YES_AGGRESSIVE;
				GCC_WARN_UNUSED_FUNCTION = YES;
				GCC_WARN_UNUSED_VARIABLE = YES;
				IPHONEOS_DEPLOYMENT_TARGET = 17.0;
				MTL_ENABLE_DEBUG_INFO = NO;
				MTL_FAST_MATH = YES;
				SDKROOT = iphoneos;
				SWIFT_COMPILATION_MODE = wholemodule;
				SWIFT_OPTIMIZATION_LEVEL = "-O";
				SWIFT_VERSION = 6.0;
				VALIDATE_PRODUCT = YES;
			};
			name = Release;
		};
		D4C0DE000000000000000603 /* Debug */ = {
			isa = XCBuildConfiguration;
			buildSettings = {
				CODE_SIGN_STYLE = Automatic;
				CURRENT_PROJECT_VERSION = 1;
				DEVELOPMENT_ASSET_PATHS = "";
				ENABLE_PREVIEWS = YES;
				GENERATE_INFOPLIST_FILE = NO;
				INFOPLIST_FILE = PlayerApp/Info.plist;
				IPHONEOS_DEPLOYMENT_TARGET = 17.0;
				MARKETING_VERSION = 0.1.0;
				PRODUCT_BUNDLE_IDENTIFIER = com.mtvvi.metronome;
				PRODUCT_NAME = "$(TARGET_NAME)";
				SWIFT_EMIT_LOC_STRINGS = YES;
				SWIFT_VERSION = 6.0;
				TARGETED_DEVICE_FAMILY = 1;
			};
			name = Debug;
		};
		D4C0DE000000000000000604 /* Release */ = {
			isa = XCBuildConfiguration;
			buildSettings = {
				CODE_SIGN_STYLE = Automatic;
				CURRENT_PROJECT_VERSION = 1;
				DEVELOPMENT_ASSET_PATHS = "";
				ENABLE_PREVIEWS = YES;
				GENERATE_INFOPLIST_FILE = NO;
				INFOPLIST_FILE = PlayerApp/Info.plist;
				IPHONEOS_DEPLOYMENT_TARGET = 17.0;
				MARKETING_VERSION = 0.1.0;
				PRODUCT_BUNDLE_IDENTIFIER = com.mtvvi.metronome;
				PRODUCT_NAME = "$(TARGET_NAME)";
				SWIFT_EMIT_LOC_STRINGS = YES;
				SWIFT_VERSION = 6.0;
				TARGETED_DEVICE_FAMILY = 1;
			};
			name = Release;
		};
		D4C0DE000000000000000605 /* Debug */ = {
			isa = XCBuildConfiguration;
			buildSettings = {
				BUNDLE_LOADER = "$(TEST_HOST)";
				CODE_SIGN_STYLE = Automatic;
				CURRENT_PROJECT_VERSION = 1;
				GENERATE_INFOPLIST_FILE = NO;
				INFOPLIST_FILE = PlayerAppTests/Info.plist;
				IPHONEOS_DEPLOYMENT_TARGET = 17.0;
				MARKETING_VERSION = 0.1.0;
				PRODUCT_BUNDLE_IDENTIFIER = com.mtvvi.metronome.tests;
				PRODUCT_NAME = "$(TARGET_NAME)";
				SWIFT_VERSION = 6.0;
				TARGETED_DEVICE_FAMILY = 1;
				TEST_HOST = "$(BUILT_PRODUCTS_DIR)/PlayerApp.app/$(BUNDLE_EXECUTABLE_FOLDER_PATH)/PlayerApp";
			};
			name = Debug;
		};
		D4C0DE000000000000000606 /* Release */ = {
			isa = XCBuildConfiguration;
			buildSettings = {
				BUNDLE_LOADER = "$(TEST_HOST)";
				CODE_SIGN_STYLE = Automatic;
				CURRENT_PROJECT_VERSION = 1;
				GENERATE_INFOPLIST_FILE = NO;
				INFOPLIST_FILE = PlayerAppTests/Info.plist;
				IPHONEOS_DEPLOYMENT_TARGET = 17.0;
				MARKETING_VERSION = 0.1.0;
				PRODUCT_BUNDLE_IDENTIFIER = com.mtvvi.metronome.tests;
				PRODUCT_NAME = "$(TARGET_NAME)";
				SWIFT_VERSION = 6.0;
				TARGETED_DEVICE_FAMILY = 1;
				TEST_HOST = "$(BUILT_PRODUCTS_DIR)/PlayerApp.app/$(BUNDLE_EXECUTABLE_FOLDER_PATH)/PlayerApp";
			};
			name = Release;
		};
/* End XCBuildConfiguration section */

/* Begin XCConfigurationList section */
		D4C0DE000000000000000501 /* Build configuration list for PBXProject "PlayerApp" */ = {
			isa = XCConfigurationList;
			buildConfigurations = (
				D4C0DE000000000000000601 /* Debug */,
				D4C0DE000000000000000602 /* Release */,
			);
			defaultConfigurationIsVisible = 0;
			defaultConfigurationName = Release;
		};
		D4C0DE000000000000000502 /* Build configuration list for PBXNativeTarget "PlayerApp" */ = {
			isa = XCConfigurationList;
			buildConfigurations = (
				D4C0DE000000000000000603 /* Debug */,
				D4C0DE000000000000000604 /* Release */,
			);
			defaultConfigurationIsVisible = 0;
			defaultConfigurationName = Release;
		};
		D4C0DE000000000000000503 /* Build configuration list for PBXNativeTarget "PlayerAppTests" */ = {
			isa = XCConfigurationList;
			buildConfigurations = (
				D4C0DE000000000000000605 /* Debug */,
				D4C0DE000000000000000606 /* Release */,
			);
			defaultConfigurationIsVisible = 0;
			defaultConfigurationName = Release;
		};
/* End XCConfigurationList section */

/* Begin XCRemoteSwiftPackageReference section */
		D4C0DE000000000000000701 /* XCRemoteSwiftPackageReference "GRDB.swift" */ = {
			isa = XCRemoteSwiftPackageReference;
			repositoryURL = "https://github.com/groue/GRDB.swift.git";
			requirement = {
				kind = upToNextMajorVersion;
				minimumVersion = 7.11.1;
			};
		};
		D4C0DE000000000000000703 /* XCRemoteSwiftPackageReference "SFBAudioEngine" */ = {
			isa = XCRemoteSwiftPackageReference;
			repositoryURL = "https://github.com/sbooth/SFBAudioEngine.git";
			requirement = {
				branch = main;
				kind = branch;
			};
		};
/* End XCRemoteSwiftPackageReference section */

/* Begin XCSwiftPackageProductDependency section */
		D4C0DE000000000000000702 /* GRDB */ = {
			isa = XCSwiftPackageProductDependency;
			package = D4C0DE000000000000000701 /* XCRemoteSwiftPackageReference "GRDB.swift" */;
			productName = GRDB;
		};
		D4C0DE000000000000000704 /* SFBAudioEngine */ = {
			isa = XCSwiftPackageProductDependency;
			package = D4C0DE000000000000000703 /* XCRemoteSwiftPackageReference "SFBAudioEngine" */;
			productName = SFBAudioEngine;
		};
/* End XCSwiftPackageProductDependency section */
	};
	rootObject = D4C0DE000000000000000801 /* Project object */;
}
